
Microsoft Visual Studio Solution File, Format Version 12.00
# Visual Studio Version 17
VisualStudioVersion = 17.0.31903.59
MinimumVisualStudioVersion = 10.0.40219.1
Project("{2150E333-8FDC-42A3-9474-1A3956D46DE8}") = "src", "src", "{827E0CD3-B72D-47B6-A68D-7590B98EB39B}"
EndProject
Project("{FAE04EC0-301F-11D3-BF4B-00C04F79EFBC}") = "Ralph.Cli", "src\Ralph.Cli\Ralph.Cli.csproj", "{38DFC722-61DF-4A5F-AA9C-33D4E0BA5A67}"
EndProject
Project("{FAE04EC0-301F-11D3-BF4B-00C04F79EFBC}") = "Ralph.Core", "src\Ralph.Core\Ralph.Core.csproj", "{D84363CF-9EFE-432A-A29A-3FFFA12C3E67}"
EndProject
Project("{FAE04EC0-301F-11D3-BF4B-00C04F79EFBC}") = "Ralph.Tasks", "src\Ralph.Tasks\Ralph.Tasks.csproj", "{67BF7657-C06D-4F4D-B255-EBFB5A566E3E}"
EndProject
Project("{FAE04EC0-301F-11D3-BF4B-00C04F79EFBC}") = "Ralph.Engines", "src\Ralph.Engines\Ralph.Engines.csproj", "{64CA7D7F-C8A8-412F-98D4-CBC08DE24EA2}"
EndProject
Project("{FAE04EC0-301F-11D3-BF4B-00C04F79EFBC}") = "Ralph.Persistence", "src\Ralph.Persistence\Ralph.Persistence.csproj", "{90DF269A-B5C3-43C8-B486-1BBB3D00BA29}"
EndProject
Project("{FAE04EC0-301F-11D3-BF4B-00C04F79EFBC}") = "Ralph.UI.Abstractions", "src\Ralph.UI.Abstractions\Ralph.UI.Abstractions.csproj", "{4704484B-264A-4EAA-9818-10DBAC2AE8CC}"
EndProject
Project("{FAE04EC0-301F-11D3-BF4B-00C04F79EFBC}") = "Ralph.UI.Console", "src\Ralph.UI.Console\Ralph.UI.Console.csproj", "{C61E6960-9B8E-4C6F-8687-B800B5DC59EA}"
EndProject
Project("{FAE04EC0-301F-11D3-BF4B-00C04F79EFBC}") = "Ralph.UI.Gum", "src\Ralph.UI.Gum\Ralph.UI.Gum.csproj", "{7A0D496F-7089-4D88-AE13-7D7BE5D1637F}"
EndProject
Project("{FAE04EC0-301F-11D3-BF4B-00C04F79EFBC}") = "Ralph.UI.Spectre", "src\Ralph.UI.Spectre\Ralph.UI.Spectre.csproj", "{B1C2D3E4-F5A6-7890-ABCD-EF1234567890}"
EndProject
Project("{2150E333-8FDC-42A3-9474-1A3956D46DE8}") = "tests", "tests", "{0AB3BF05-4346-4AA6-1389-037BE0695223}"
EndProject
Project("{FAE04EC0-301F-11D3-BF4B-00C04F79EFBC}") = "Ralph.Tests", "tests\Ralph.Tests\Ralph.Tests.csproj", "{11A22B6C-67D3-4ED8-934F-485F8B4B7BC4}"
EndProject
Project("{FAE04EC0-301F-11D3-BF4B-00C04F79EFBC}") = "Ralph.UI.Tui", "src\Ralph.UI.Tui\Ralph.UI.Tui.csproj", "{2161DE6F-A0FA-4CE3-91A2-5ACCCC98E0CC}"
EndProject
Global
	GlobalSection(SolutionConfigurationPlatforms) = preSolution
		Debug|Any CPU = Debug|Any CPU
		Debug|x64 = Debug|x64
		Debug|x86 = Debug|x86
		Release|Any CPU = Release|Any CPU
		Release|x64 = Release|x64
		Release|x86 = Release|x86
	EndGlobalSection
	GlobalSection(ProjectConfigurationPlatforms) = postSolution
		{38DFC722-61DF-4A5F-AA9C-33D4E0BA5A67}.Debug|Any CPU.ActiveCfg = Debug|Any CPU
		{38DFC722-61DF-4A5F-AA9C-33D4E0BA5A67}.Debug|Any CPU.Build.0 = Debug|Any CPU
		{38DFC722-61DF-4A5F-AA9C-33D4E0BA5A67}.Debug|x64.ActiveCfg = Debug|Any CPU
		{38DFC722-61DF-4A5F-AA9C-33D4E0BA5A67}.Debug|x64.Build.0 = Debug|Any CPU
		{38DFC722-61DF-4A5F-AA9C-33D4E0BA5A67}.Debug|x86.ActiveCfg = Debug|Any CPU
		{38DFC722-61DF-4A5F-AA9C-33D4E0BA5A67}.Debug|x86.Build.0 = Debug|Any CPU
		{38DFC722-61DF-4A5F-AA9C-33D4E0BA5A67}.Release|Any CPU.ActiveCfg = Release|Any CPU
		{38DFC722-61DF-4A5F-AA9C-33D4E0BA5A67}.Release|Any CPU.Build.0 = Release|Any CPU
		{38DFC722-61DF-4A5F-AA9C-33D4E0BA5A67}.Release|x64.ActiveCfg = Release|Any CPU
		{38DFC722-61DF-4A5F-AA9C-33D4E0BA5A67}.Release|x64.Build.0 = Release|Any CPU
		{38DFC722-61DF-4A5F-AA9C-33D4E0BA5A67}.Release|x86.ActiveCfg = Release|Any CPU
		{38DFC722-61DF-4A5F-AA9C-33D4E0BA5A67}.Release|x86.Build.0 = Release|Any CPU
		{D84363CF-9EFE-432A-A29A-3FFFA12C3E67}.Debug|Any CPU.ActiveCfg = Debug|Any CPU
		{D84363CF-9EFE-432A-A29A-3FFFA12C3E67}.Debug|Any CPU.Build.0 = Debug|Any CPU
		{D84363CF-9EFE-432A-A29A-3FFFA12C3E67}.Debug|x64.ActiveCfg = Debug|Any CPU
		{D84363CF-9EFE-432A-A29A-3FFFA12C3E67}.Debug|x64.Build.0 = Debug|Any CPU
		{D84363CF-9EFE-432A-A29A-3FFFA12C3E67}.Debug|x86.ActiveCfg = Debug|Any CPU
		{D84363CF-9EFE-432A-A29A-3FFFA12C3E67}.Debug|x86.Build.0 = Debug|Any CPU
		{D84363CF-9EFE-432A-A29A-3FFFA12C3E67}.Release|Any CPU.ActiveCfg = Release|Any CPU
		{D84363CF-9EFE-432A-A29A-3FFFA12C3E67}.Release|Any CPU.Build.0 = Release|Any CPU
		{D84363CF-9EFE-432A-A29A-3FFFA12C3E67}.Release|x64.ActiveCfg = Release|Any CPU
		{D84363CF-9EFE-432A-A29A-3FFFA12C3E67}.Release|x64.Build.0 = Release|Any CPU
		{D84363CF-9EFE-432A-A29A-3FFFA12C3E67}.Release|x86.ActiveCfg = Release|Any CPU
		{D84363CF-9EFE-432A-A29A-3FFFA12C3E67}.Release|x86.Build.0 = Release|Any CPU
		{67BF7657-C06D-4F4D-B255-EBFB5A566E3E}.Debug|Any CPU.ActiveCfg = Debug|Any CPU
		{67BF7657-C06D-4F4D-B255-EBFB5A566E3E}.Debug|Any CPU.Build.0 = Debug|Any CPU
		{67BF7657-C06D-4F4D-B255-EBFB5A566E3E}.Debug|x64.ActiveCfg = Debug|Any CPU
		{67BF7657-C06D-4F4D-B255-EBFB5A566E3E}.Debug|x64.Build.0 = Debug|Any CPU
		{67BF7657-C06D-4F4D-B255-EBFB5A566E3E}.Debug|x86.ActiveCfg = Debug|Any CPU
		{67BF7657-C06D-4F4D-B255-EBFB5A566E3E}.Debug|x86.Build.0 = Debug|Any CPU
		{67BF7657-C06D-4F4D-B255-EBFB5A566E3E}.Release|Any CPU.ActiveCfg = Release|Any CPU
		{67BF7657-C06D-4F4D-B255-EBFB5A566E3E}.Release|Any CPU.Build.0 = Release|Any CPU
		{67BF7657-C06D-4F4D-B255-EBFB5A566E3E}.Release|x64.ActiveCfg = Release|Any CPU
		{67BF7657-C06D-4F4D-B255-EBFB5A566E3E}.Release|x64.Build.0 = Release|Any CPU
		{67BF7657-C06D-4F4D-B255-EBFB5A566E3E}.Release|x86.ActiveCfg = Release|Any CPU
		{67BF7657-C06D-4F4D-B255-EBFB5A566E3E}.Release|x86.Build.0 = Release|Any CPU
		{64CA7D7F-C8A8-412F-98D4-CBC08DE24EA2}.Debug|Any CPU.ActiveCfg = Debug|Any CPU
		{64CA7D7F-C8A8-412F-98D4-CBC08DE24EA2}.Debug|Any CPU.Build.0 = Debug|Any CPU
		{64CA7D7F-C8A8-412F-98D4-CBC08DE24EA2}.Debug|x64.ActiveCfg = Debug|Any CPU
		{64CA7D7F-C8A8-412F-98D4-CBC08DE24EA2}.Debug|x64.Build.0 = Debug|Any CPU
		{64CA7D7F-C8A8-412F-98D4-CBC08DE24EA2}.Debug|x86.ActiveCfg = Debug|Any CPU
		{64CA7D7F-C8A8-412F-98D4-CBC08DE24EA2}.Debug|x86.Build.0 = Debug|Any CPU
		{64CA7D7F-C8A8-412F-98D4-CBC08DE24EA2}.Release|Any CPU.ActiveCfg = Release|Any CPU
		{64CA7D7F-C8A8-412F-98D4-CBC08DE24EA2}.Release|Any CPU.Build.0 = Release|Any CPU
		{64CA7D7F-C8A8-412F-98D4-CBC08DE24EA2}.Release|x64.ActiveCfg = Release|Any CPU
		{64CA7D7F-C8A8-412F-98D4-CBC08DE24EA2}.Release|x64.Build.0 = Release|Any CPU
		{64CA7D7F-C8A8-412F-98D4-CBC08DE24EA2}.Release|x86.ActiveCfg = Release|Any CPU
		{64CA7D7F-C8A8-412F-98D4-CBC08DE24EA2}.Release|x86.Build.0 = Release|Any CPU
		{90DF269A-B5C3-43C8-B486-1BBB3D00BA29}.Debug|Any CPU.ActiveCfg = Debug|Any CPU
		{90DF269A-B5C3-43C8-B486-1BBB3D00BA29}.Debug|Any CPU.Build.0 = Debug|Any CPU
		{90DF269A-B5C3-43C8-B486-1BBB3D00BA29}.Debug|x64.ActiveCfg = Debug|Any CPU
		{90DF269A-B5C3-43C8-B486-1BBB3D00BA29}.Debug|x64.Build.0 = Debug|Any CPU
		{90DF269A-B5C3-43C8-B486-1BBB3D00BA29}.Debug|x86.ActiveCfg = Debug|Any CPU
		{90DF269A-B5C3-43C8-B486-1BBB3D00BA29}.Debug|x86.Build.0 = Debug|Any CPU
		{90DF269A-B5C3-43C8-B486-1BBB3D00BA29}.Release|Any CPU.ActiveCfg = Release|Any CPU
		{90DF269A-B5C3-43C8-B486-1BBB3D00BA29}.Release|Any CPU.Build.0 = Release|Any CPU
		{90DF269A-B5C3-43C8-B486-1BBB3D00BA29}.Release|x64.ActiveCfg = Release|Any CPU
		{90DF269A-B5C3-43C8-B486-1BBB3D00BA29}.Release|x64.Build.0 = Release|Any CPU
		{90DF269A-B5C3-43C8-B486-1BBB3D00BA29}.Release|x86.ActiveCfg = Release|Any CPU
		{90DF269A-B5C3-43C8-B486-1BBB3D00BA29}.Release|x86.Build.0 = Release|Any CPU
		{4704484B-264A-4EAA-9818-10DBAC2AE8CC}.Debug|Any CPU.ActiveCfg = Debug|Any CPU
		{4704484B-264A-4EAA-9818-10DBAC2AE8CC}.Debug|Any CPU.Build.0 = Debug|Any CPU
		{4704484B-264A-4EAA-9818-10DBAC2AE8CC}.Debug|x64.ActiveCfg = Debug|Any CPU
		{4704484B-264A-4EAA-9818-10DBAC2AE8CC}.Debug|x64.Build.0 = Debug|Any CPU
		{4704484B-264A-4EAA-9818-10DBAC2AE8CC}.Debug|x86.ActiveCfg = Debug|Any CPU
		{4704484B-264A-4EAA-9818-10DBAC2AE8CC}.Debug|x86.Build.0 = Debug|Any CPU
		{4704484B-264A-4EAA-9818-10DBAC2AE8CC}.Release|Any CPU.ActiveCfg = Release|Any CPU
		{4704484B-264A-4EAA-9818-10DBAC2AE8CC}.Release|Any CPU.Build.0 = Release|Any CPU
		{4704484B-264A-4EAA-9818-10DBAC2AE8CC}.Release|x64.ActiveCfg = Release|Any CPU
		{4704484B-264A-4EAA-9818-10DBAC2AE8CC}.Release|x64.Build.0 = Release|Any CPU
		{4704484B-264A-4EAA-9818-10DBAC2AE8CC}.Release|x86.ActiveCfg = Release|Any CPU
		{4704484B-264A-4EAA-9818-10DBAC2AE8CC}.Release|x86.Build.0 = Release|Any CPU
		{C61E6960-9B8E-4C6F-8687-B800B5DC59EA}.Debug|Any CPU.ActiveCfg = Debug|Any CPU
		{C61E6960-9B8E-4C6F-8687-B800B5DC59EA}.Debug|Any CPU.Build.0 = Debug|Any CPU
		{C61E6960-9B8E-4C6F-8687-B800B5DC59EA}.Debug|x64.ActiveCfg = Debug|Any CPU
		{C61E6960-9B8E-4C6F-8687-B800B5DC59EA}.Debug|x64.Build.0 = Debug|Any CPU
		{C61E6960-9B8E-4C6F-8687-B800B5DC59EA}.Debug|x86.ActiveCfg = Debug|Any CPU
		{C61E6960-9B8E-4C6F-8687-B800B5DC59EA}.Debug|x86.Build.0 = Debug|Any CPU
		{C61E6960-9B8E-4C6F-8687-B800B5DC59EA}.Release|Any CPU.ActiveCfg = Release|Any CPU
		{C61E6960-9B8E-4C6F-8687-B800B5DC59EA}.Release|Any CPU.Build.0 = Release|Any CPU
		{C61E6960-9B8E-4C6F-8687-B800B5DC59EA}.Release|x64.ActiveCfg = Release|Any CPU
		{C61E6960-9B8E-4C6F-8687-B800B5DC59EA}.Release|x64.Build.0 = Release|Any CPU
		{C61E6960-9B8E-4C6F-8687-B800B5DC59EA}.Release|x86.ActiveCfg = Release|Any CPU
		{C61E6960-9B8E-4C6F-8687-B800B5DC59EA}.Release|x86.Build.0 = Release|Any CPU
		{7A0D496F-7089-4D88-AE13-7D7BE5D1637F}.Debug|Any CPU.ActiveCfg = Debug|Any CPU
		{7A0D496F-7089-4D88-AE13-7D7BE5D1637F}.Debug|Any CPU.Build.0 = Debug|Any CPU
		{7A0D496F-7089-4D88-AE13-7D7BE5D1637F}.Debug|x64.ActiveCfg = Debug|Any CPU
		{7A0D496F-7089-4D88-AE13-7D7BE5D1637F}.Debug|x64.Build.0 = Debug|Any CPU
		{7A0D496F-7089-4D88-AE13-7D7BE5D1637F}.Debug|x86.ActiveCfg = Debug|Any CPU
		{7A0D496F-7089-4D88-AE13-7D7BE5D1637F}.Debug|x86.Build.0 = Debug|Any CPU
		{7A0D496F-7089-4D88-AE13-7D7BE5D1637F}.Release|Any CPU.ActiveCfg = Release|Any CPU
		{7A0D496F-7089-4D88-AE13-7D7BE5D1637F}.Release|Any CPU.Build.0 = Release|Any CPU
		{7A0D496F-7089-4D88-AE13-7D7BE5D1637F}.Release|x64.ActiveCfg = Release|Any CPU
		{7A0D496F-7089-4D88-AE13-7D7BE5D1637F}.Release|x64.Build.0 = Release|Any CPU
		{7A0D496F-7089-4D88-AE13-7D7BE5D1637F}.Release|x86.ActiveCfg = Release|Any CPU
		{7A0D496F-7089-4D88-AE13-7D7BE5D1637F}.Release|x86.Build.0 = Release|Any CPU
		{B1C2D3E4-F5A6-7890-ABCD-EF1234567890}.Debug|Any CPU.ActiveCfg = Debug|Any CPU
		{B1C2D3E4-F5A6-7890-ABCD-EF1234567890}.Debug|Any CPU.Build.0 = Debug|Any CPU
		{B1C2D3E4-F5A6-7890-ABCD-EF1234567890}.Debug|x64.ActiveCfg = Debug|Any CPU
		{B1C2D3E4-F5A6-7890-ABCD-EF1234567890}.Debug|x64.Build.0 = Debug|Any CPU
		{B1C2D3E4-F5A6-7890-ABCD-EF1234567890}.Debug|x86.ActiveCfg = Debug|Any CPU
		{B1C2D3E4-F5A6-7890-ABCD-EF1234567890}.Debug|x86.Build.0 = Debug|Any CPU
		{B1C2D3E4-F5A6-7890-ABCD-EF1234567890}.Release|Any CPU.ActiveCfg = Release|Any CPU
		{B1C2D3E4-F5A6-7890-ABCD-EF1234567890}.Release|Any CPU.Build.0 = Release|Any CPU
		{B1C2D3E4-F5A6-7890-ABCD-EF1234567890}.Release|x64.ActiveCfg = Release|Any CPU
		{B1C2D3E4-F5A6-7890-ABCD-EF1234567890}.Release|x64.Build.0 = Release|Any CPU
		{B1C2D3E4-F5A6-7890-ABCD-EF1234567890}.Release|x86.ActiveCfg = Release|Any CPU
		{B1C2D3E4-F5A6-7890-ABCD-EF1234567890}.Release|x86.Build.0 = Release|Any CPU
		{11A22B6C-67D3-4ED8-934F-485F8B4B7BC4}.Debug|Any CPU.ActiveCfg = Debug|Any CPU
		{11A22B6C-67D3-4ED8-934F-485F8B4B7BC4}.Debug|Any CPU.Build.0 = Debug|Any CPU
		{11A22B6C-67D3-4ED8-934F-485F8B4B7BC4}.Debug|x64.ActiveCfg = Debug|Any CPU
		{11A22B6C-67D3-4ED8-934F-485F8B4B7BC4}.Debug|x64.Build.0 = Debug|Any CPU
		{11A22B6C-67D3-4ED8-934F-485F8B4B7BC4}.Debug|x86.ActiveCfg = Debug|Any CPU
		{11A22B6C-67D3-4ED8-934F-485F8B4B7BC4}.Debug|x86.Build.0 = Debug|Any CPU
		{11A22B6C-67D3-4ED8-934F-485F8B4B7BC4}.Release|Any CPU.ActiveCfg = Release|Any CPU
		{11A22B6C-67D3-4ED8-934F-485F8B4B7BC4}.Release|Any CPU.Build.0 = Release|Any CPU
		{11A22B6C-67D3-4ED8-934F-485F8B4B7BC4}.Release|x64.ActiveCfg = Release|Any CPU
		{11A22B6C-67D3-4ED8-934F-485F8B4B7BC4}.Release|x64.Build.0 = Release|Any CPU
		{11A22B6C-67D3-4ED8-934F-485F8B4B7BC4}.Release|x86.ActiveCfg = Release|Any CPU
		{11A22B6C-67D3-4ED8-934F-485F8B4B7BC4}.Release|x86.Build.0 = Release|Any CPU
		{2161DE6F-A0FA-4CE3-91A2-5ACCCC98E0CC}.Debug|Any CPU.ActiveCfg = Debug|Any CPU
		{2161DE6F-A0FA-4CE3-91A2-5ACCCC98E0CC}.Debug|Any CPU.Build.0 = Debug|Any CPU
		{2161DE6F-A0FA-4CE3-91A2-5ACCCC98E0CC}.Debug|x64.ActiveCfg = Debug|Any CPU
		{2161DE6F-A0FA-4CE3-91A2-5ACCCC98E0CC}.Debug|x64.Build.0 = Debug|Any CPU
		{2161DE6F-A0FA-4CE3-91A2-5ACCCC98E0CC}.Debug|x86.ActiveCfg = Debug|Any CPU
		{2161DE6F-A0FA-4CE3-91A2-5ACCCC98E0CC}.Debug|x86.Build.0 = Debug|Any CPU
		{2161DE6F-A0FA-4CE3-91A2-5ACCCC98E0CC}.Release|Any CPU.ActiveCfg = Release|Any CPU
		{2161DE6F-A0FA-4CE3-91A2-5ACCCC98E0CC}.Release|Any CPU.Build.0 = Release|Any CPU
		{2161DE6F-A0FA-4CE3-91A2-5ACCCC98E0CC}.Release|x64.ActiveCfg = Release|Any CPU
		{2161DE6F-A0FA-4CE3-91A2-5ACCCC98E0CC}.Release|x64.Build.0 = Release|Any CPU
		{2161DE6F-A0FA-4CE3-91A2-5ACCCC98E0CC}.Release|x86.ActiveCfg = Release|Any CPU
		{2161DE6F-A0FA-4CE3-91A2-5ACCCC98E0CC}.Release|x86.Build.0 = Release|Any CPU
	EndGlobalSection
	GlobalSection(SolutionProperties) = preSolution
		HideSolutionNode = FALSE
	EndGlobalSection
	GlobalSection(NestedProjects) = preSolution
		{38DFC722-61DF-4A5F-AA9C-33D4E0BA5A67} = {827E0CD3-B72D-47B6-A68D-7590B98EB39B}
		{D84363CF-9EFE-432A-A29A-3FFFA12C3E67} = {827E0CD3-B72D-47B6-A68D-7590B98EB39B}
		{67BF7657-C06D-4F4D-B255-EBFB5A566E3E} = {827E0CD3-B72D-47B6-A68D-7590B98EB39B}
		{64CA7D7F-C8A8-412F-98D4-CBC08DE24EA2} = {827E0CD3-B72D-47B6-A68D-7590B98EB39B}
		{90DF269A-B5C3-43C8-B486-1BBB3D00BA29} = {827E0CD3-B72D-47B6-A68D-7590B98EB39B}
		{4704484B-264A-4EAA-9818-10DBAC2AE8CC} = {827E0CD3-B72D-47B6-A68D-7590B98EB39B}
		{C61E6960-9B8E-4C6F-8687-B800B5DC59EA} = {827E0CD3-B72D-47B6-A68D-7590B98EB39B}
		{7A0D496F-7089-4D88-AE13-7D7BE5D1637F} = {827E0CD3-B72D-47B6-A68D-7590B98EB39B}
		{B1C2D3E4-F5A6-7890-ABCD-EF1234567890} = {827E0CD3-B72D-47B6-A68D-7590B98EB39B}
		{11A22B6C-67D3-4ED8-934F-485F8B4B7BC4} = {0AB3BF05-4346-4AA6-1389-037BE0695223}
		{2161DE6F-A0FA-4CE3-91A2-5ACCCC98E0CC} = {827E0CD3-B72D-47B6-A68D-7590B98EB39B}
	EndGlobalSection
EndGlobal
